
Microsoft Visual Studio Solution File, Format Version 12.00
# Visual Studio Version 16
VisualStudioVersion = 16.0.32126.315
MinimumVisualStudioVersion = 10.0.40219.1
Project("{FAE04EC0-301F-11D3-BF4B-00C04F79EFBC}") = "ConsoleApp3", "ConsoleApp3\ConsoleApp3.csproj", "{71CFAF65-2785-4253-9BAE-C80155ACD58B}"
EndProject
Global
	GlobalSection(SolutionConfigurationPlatforms) = preSolution
		Debug|Any CPU = Debug|Any CPU
		Release|Any CPU = Release|Any CPU
	EndGlobalSection
	GlobalSection(ProjectConfigurationPlatforms) = postSolution
		{71CFAF65-2785-4253-9BAE-C80155ACD58B}.Debug|Any CPU.ActiveCfg = Debug|Any CPU
		{71CFAF65-2785-4253-9BAE-C80155ACD58B}.Debug|Any CPU.Build.0 = Debug|Any CPU
		{71CFAF65-2785-4253-9BAE-C80155ACD58B}.Release|Any CPU.ActiveCfg = Release|Any CPU
		{71CFAF65-2785-4253-9BAE-C80155ACD58B}.Release|Any CPU.Build.0 = Release|Any CPU
	EndGlobalSection
	GlobalSection(SolutionProperties) = preSolution
		HideSolutionNode = FALSE
	EndGlobalSection
	GlobalSection(ExtensibilityGlobals) = postSolution
		SolutionGuid = {A4A119B7-D4EB-4EEA-8D15-DDC0730C7038}
	EndGlobalSection
EndGlobal
